
Microsoft Visual Studio Solution File, Format Version 12.00
# Visual Studio Version 17
VisualStudioVersion = 17.13.35825.156 d17.13
MinimumVisualStudioVersion = 10.0.40219.1
Project("{FAE04EC0-301F-11D3-BF4B-00C04F79EFBC}") = "AspNetCoreTodo", "AspNetCoreTodo\AspNetCoreTodo.csproj", "{FCE5574C-3BAC-40DF-9644-8601FCF5BAD9}"
EndProject
Global
	GlobalSection(SolutionConfigurationPlatforms) = preSolution
		Debug|Any CPU = Debug|Any CPU
		Release|Any CPU = Release|Any CPU
	EndGlobalSection
	GlobalSection(ProjectConfigurationPlatforms) = postSolution
		{FCE5574C-3BAC-40DF-9644-8601FCF5BAD9}.Debug|Any CPU.ActiveCfg = Debug|Any CPU
		{FCE5574C-3BAC-40DF-9644-8601FCF5BAD9}.Debug|Any CPU.Build.0 = Debug|Any CPU
		{FCE5574C-3BAC-40DF-9644-8601FCF5BAD9}.Release|Any CPU.ActiveCfg = Release|Any CPU
		{FCE5574C-3BAC-40DF-9644-8601FCF5BAD9}.Release|Any CPU.Build.0 = Release|Any CPU
	EndGlobalSection
	GlobalSection(SolutionProperties) = preSolution
		HideSolutionNode = FALSE
	EndGlobalSection
	GlobalSection(ExtensibilityGlobals) = postSolution
		SolutionGuid = {5B2C22BE-54C0-4306-8BD8-41528C9F6F4D}
	EndGlobalSection
EndGlobal
